
Microsoft Visual Studio Solution File, Format Version 10.00
# Visual Studio 2008
Project("{E24C65DC-7377-472B-9ABA-BC803B73C61A}") = "Web", "Web\", "{86D0841C-25DF-4762-9DC7-70D4184420C8}"
	ProjectSection(WebsiteProperties) = preProject
		TargetFramework = "3.5"
		Debug.AspNetCompiler.VirtualPath = "/Web"
		Debug.AspNetCompiler.PhysicalPath = "Web\"
		Debug.AspNetCompiler.TargetPath = "PrecompiledWeb\Web\"
		Debug.AspNetCompiler.Updateable = "true"
		Debug.AspNetCompiler.ForceOverwrite = "true"
		Debug.AspNetCompiler.FixedNames = "false"
		Debug.AspNetCompiler.Debug = "True"
		Release.AspNetCompiler.VirtualPath = "/Web"
		Release.AspNetCompiler.PhysicalPath = "Web\"
		Release.AspNetCompiler.TargetPath = "PrecompiledWeb\Web\"
		Release.AspNetCompiler.Updateable = "true"
		Release.AspNetCompiler.ForceOverwrite = "true"
		Release.AspNetCompiler.FixedNames = "false"
		Release.AspNetCompiler.Debug = "False"
		VWDPort = "2334"
	EndProjectSection
EndProject
Project("{FAE04EC0-301F-11D3-BF4B-00C04F79EFBC}") = "LKWZSVR", "LKWZSVR\LKWZSVR.csproj", "{80FBBC42-17AA-4E8D-9308-CAA7772F145B}"
EndProject
Project("{FAE04EC0-301F-11D3-BF4B-00C04F79EFBC}") = "ChSys", "ChSys\ChSys.csproj", "{2B41A68B-2591-4363-885C-43BBF0542ABA}"
EndProject
Project("{FAE04EC0-301F-11D3-BF4B-00C04F79EFBC}") = "LK-EQ-SAAS", "LK-WZ-SAAS\LK-EQ-SAAS.csproj", "{A03FA563-553A-4548-A220-7EA448891BAE}"
EndProject
Project("{FAE04EC0-301F-11D3-BF4B-00C04F79EFBC}") = "EQPurchase", "EQPurchase\EQPurchase.csproj", "{E11A8A12-0EC4-491A-96DF-B69E7FDC3FA7}"
EndProject
Project("{FAE04EC0-301F-11D3-BF4B-00C04F79EFBC}") = "EQWareManag", "EQWareManag\EQWareManag.csproj", "{59E82B9D-58D5-437B-9930-FFCBFC788182}"
EndProject
Project("{FAE04EC0-301F-11D3-BF4B-00C04F79EFBC}") = "UseingEQ", "UseingEQ\UseingEQ.csproj", "{7E1009BA-A061-49AA-8221-8434DEE73F63}"
EndProject
Project("{FAE04EC0-301F-11D3-BF4B-00C04F79EFBC}") = "JiChuDictionary", "JiChuDictionary\JiChuDictionary.csproj", "{31779BD9-0B6B-412A-AB0B-C68C3F78793D}"
EndProject
Project("{FAE04EC0-301F-11D3-BF4B-00C04F79EFBC}") = "StatisticQuery", "StatisticQuery\StatisticQuery.csproj", "{DCBCBD71-B0B6-48EF-B9C7-E9962E2FFCAC}"
EndProject
Global
	GlobalSection(SolutionConfigurationPlatforms) = preSolution
		Debug|.NET = Debug|.NET
		Debug|Any CPU = Debug|Any CPU
		Debug|Mixed Platforms = Debug|Mixed Platforms
		Release|.NET = Release|.NET
		Release|Any CPU = Release|Any CPU
		Release|Mixed Platforms = Release|Mixed Platforms
	EndGlobalSection
	GlobalSection(ProjectConfigurationPlatforms) = postSolution
		{86D0841C-25DF-4762-9DC7-70D4184420C8}.Debug|.NET.ActiveCfg = Debug|.NET
		{86D0841C-25DF-4762-9DC7-70D4184420C8}.Debug|.NET.Build.0 = Debug|.NET
		{86D0841C-25DF-4762-9DC7-70D4184420C8}.Debug|Any CPU.ActiveCfg = Debug|.NET
		{86D0841C-25DF-4762-9DC7-70D4184420C8}.Debug|Mixed Platforms.ActiveCfg = Debug|.NET
		{86D0841C-25DF-4762-9DC7-70D4184420C8}.Debug|Mixed Platforms.Build.0 = Debug|.NET
		{86D0841C-25DF-4762-9DC7-70D4184420C8}.Release|.NET.ActiveCfg = Debug|.NET
		{86D0841C-25DF-4762-9DC7-70D4184420C8}.Release|.NET.Build.0 = Debug|.NET
		{86D0841C-25DF-4762-9DC7-70D4184420C8}.Release|Any CPU.ActiveCfg = Debug|.NET
		{86D0841C-25DF-4762-9DC7-70D4184420C8}.Release|Mixed Platforms.ActiveCfg = Debug|.NET
		{86D0841C-25DF-4762-9DC7-70D4184420C8}.Release|Mixed Platforms.Build.0 = Debug|.NET
		{80FBBC42-17AA-4E8D-9308-CAA7772F145B}.Debug|.NET.ActiveCfg = Debug|Any CPU
		{80FBBC42-17AA-4E8D-9308-CAA7772F145B}.Debug|Any CPU.ActiveCfg = Debug|Any CPU
		{80FBBC42-17AA-4E8D-9308-CAA7772F145B}.Debug|Any CPU.Build.0 = Debug|Any CPU
		{80FBBC42-17AA-4E8D-9308-CAA7772F145B}.Debug|Mixed Platforms.ActiveCfg = Debug|Any CPU
		{80FBBC42-17AA-4E8D-9308-CAA7772F145B}.Debug|Mixed Platforms.Build.0 = Debug|Any CPU
		{80FBBC42-17AA-4E8D-9308-CAA7772F145B}.Release|.NET.ActiveCfg = Release|Any CPU
		{80FBBC42-17AA-4E8D-9308-CAA7772F145B}.Release|Any CPU.ActiveCfg = Release|Any CPU
		{80FBBC42-17AA-4E8D-9308-CAA7772F145B}.Release|Any CPU.Build.0 = Release|Any CPU
		{80FBBC42-17AA-4E8D-9308-CAA7772F145B}.Release|Mixed Platforms.ActiveCfg = Release|Any CPU
		{80FBBC42-17AA-4E8D-9308-CAA7772F145B}.Release|Mixed Platforms.Build.0 = Release|Any CPU
		{2B41A68B-2591-4363-885C-43BBF0542ABA}.Debug|.NET.ActiveCfg = Debug|Any CPU
		{2B41A68B-2591-4363-885C-43BBF0542ABA}.Debug|Any CPU.ActiveCfg = Debug|Any CPU
		{2B41A68B-2591-4363-885C-43BBF0542ABA}.Debug|Any CPU.Build.0 = Debug|Any CPU
		{2B41A68B-2591-4363-885C-43BBF0542ABA}.Debug|Mixed Platforms.ActiveCfg = Debug|Any CPU
		{2B41A68B-2591-4363-885C-43BBF0542ABA}.Debug|Mixed Platforms.Build.0 = Debug|Any CPU
		{2B41A68B-2591-4363-885C-43BBF0542ABA}.Release|.NET.ActiveCfg = Release|Any CPU
		{2B41A68B-2591-4363-885C-43BBF0542ABA}.Release|Any CPU.ActiveCfg = Release|Any CPU
		{2B41A68B-2591-4363-885C-43BBF0542ABA}.Release|Any CPU.Build.0 = Release|Any CPU
		{2B41A68B-2591-4363-885C-43BBF0542ABA}.Release|Mixed Platforms.ActiveCfg = Release|Any CPU
		{2B41A68B-2591-4363-885C-43BBF0542ABA}.Release|Mixed Platforms.Build.0 = Release|Any CPU
		{A03FA563-553A-4548-A220-7EA448891BAE}.Debug|.NET.ActiveCfg = Debug|Any CPU
		{A03FA563-553A-4548-A220-7EA448891BAE}.Debug|Any CPU.ActiveCfg = Debug|Any CPU
		{A03FA563-553A-4548-A220-7EA448891BAE}.Debug|Any CPU.Build.0 = Debug|Any CPU
		{A03FA563-553A-4548-A220-7EA448891BAE}.Debug|Mixed Platforms.ActiveCfg = Debug|Any CPU
		{A03FA563-553A-4548-A220-7EA448891BAE}.Debug|Mixed Platforms.Build.0 = Debug|Any CPU
		{A03FA563-553A-4548-A220-7EA448891BAE}.Release|.NET.ActiveCfg = Release|Any CPU
		{A03FA563-553A-4548-A220-7EA448891BAE}.Release|Any CPU.ActiveCfg = Release|Any CPU
		{A03FA563-553A-4548-A220-7EA448891BAE}.Release|Any CPU.Build.0 = Release|Any CPU
		{A03FA563-553A-4548-A220-7EA448891BAE}.Release|Mixed Platforms.ActiveCfg = Release|Any CPU
		{A03FA563-553A-4548-A220-7EA448891BAE}.Release|Mixed Platforms.Build.0 = Release|Any CPU
		{E11A8A12-0EC4-491A-96DF-B69E7FDC3FA7}.Debug|.NET.ActiveCfg = Debug|Any CPU
		{E11A8A12-0EC4-491A-96DF-B69E7FDC3FA7}.Debug|Any CPU.ActiveCfg = Debug|Any CPU
		{E11A8A12-0EC4-491A-96DF-B69E7FDC3FA7}.Debug|Any CPU.Build.0 = Debug|Any CPU
		{E11A8A12-0EC4-491A-96DF-B69E7FDC3FA7}.Debug|Mixed Platforms.ActiveCfg = Debug|Any CPU
		{E11A8A12-0EC4-491A-96DF-B69E7FDC3FA7}.Debug|Mixed Platforms.Build.0 = Debug|Any CPU
		{E11A8A12-0EC4-491A-96DF-B69E7FDC3FA7}.Release|.NET.ActiveCfg = Release|Any CPU
		{E11A8A12-0EC4-491A-96DF-B69E7FDC3FA7}.Release|Any CPU.ActiveCfg = Release|Any CPU
		{E11A8A12-0EC4-491A-96DF-B69E7FDC3FA7}.Release|Any CPU.Build.0 = Release|Any CPU
		{E11A8A12-0EC4-491A-96DF-B69E7FDC3FA7}.Release|Mixed Platforms.ActiveCfg = Release|Any CPU
		{E11A8A12-0EC4-491A-96DF-B69E7FDC3FA7}.Release|Mixed Platforms.Build.0 = Release|Any CPU
		{59E82B9D-58D5-437B-9930-FFCBFC788182}.Debug|.NET.ActiveCfg = Debug|Any CPU
		{59E82B9D-58D5-437B-9930-FFCBFC788182}.Debug|Any CPU.ActiveCfg = Debug|Any CPU
		{59E82B9D-58D5-437B-9930-FFCBFC788182}.Debug|Any CPU.Build.0 = Debug|Any CPU
		{59E82B9D-58D5-437B-9930-FFCBFC788182}.Debug|Mixed Platforms.ActiveCfg = Debug|Any CPU
		{59E82B9D-58D5-437B-9930-FFCBFC788182}.Debug|Mixed Platforms.Build.0 = Debug|Any CPU
		{59E82B9D-58D5-437B-9930-FFCBFC788182}.Release|.NET.ActiveCfg = Release|Any CPU
		{59E82B9D-58D5-437B-9930-FFCBFC788182}.Release|Any CPU.ActiveCfg = Release|Any CPU
		{59E82B9D-58D5-437B-9930-FFCBFC788182}.Release|Any CPU.Build.0 = Release|Any CPU
		{59E82B9D-58D5-437B-9930-FFCBFC788182}.Release|Mixed Platforms.ActiveCfg = Release|Any CPU
		{59E82B9D-58D5-437B-9930-FFCBFC788182}.Release|Mixed Platforms.Build.0 = Release|Any CPU
		{7E1009BA-A061-49AA-8221-8434DEE73F63}.Debug|.NET.ActiveCfg = Debug|Any CPU
		{7E1009BA-A061-49AA-8221-8434DEE73F63}.Debug|Any CPU.ActiveCfg = Debug|Any CPU
		{7E1009BA-A061-49AA-8221-8434DEE73F63}.Debug|Any CPU.Build.0 = Debug|Any CPU
		{7E1009BA-A061-49AA-8221-8434DEE73F63}.Debug|Mixed Platforms.ActiveCfg = Debug|Any CPU
		{7E1009BA-A061-49AA-8221-8434DEE73F63}.Debug|Mixed Platforms.Build.0 = Debug|Any CPU
		{7E1009BA-A061-49AA-8221-8434DEE73F63}.Release|.NET.ActiveCfg = Release|Any CPU
		{7E1009BA-A061-49AA-8221-8434DEE73F63}.Release|Any CPU.ActiveCfg = Release|Any CPU
		{7E1009BA-A061-49AA-8221-8434DEE73F63}.Release|Any CPU.Build.0 = Release|Any CPU
		{7E1009BA-A061-49AA-8221-8434DEE73F63}.Release|Mixed Platforms.ActiveCfg = Release|Any CPU
		{7E1009BA-A061-49AA-8221-8434DEE73F63}.Release|Mixed Platforms.Build.0 = Release|Any CPU
		{31779BD9-0B6B-412A-AB0B-C68C3F78793D}.Debug|.NET.ActiveCfg = Debug|Any CPU
		{31779BD9-0B6B-412A-AB0B-C68C3F78793D}.Debug|Any CPU.ActiveCfg = Debug|Any CPU
		{31779BD9-0B6B-412A-AB0B-C68C3F78793D}.Debug|Any CPU.Build.0 = Debug|Any CPU
		{31779BD9-0B6B-412A-AB0B-C68C3F78793D}.Debug|Mixed Platforms.ActiveCfg = Debug|Any CPU
		{31779BD9-0B6B-412A-AB0B-C68C3F78793D}.Debug|Mixed Platforms.Build.0 = Debug|Any CPU
		{31779BD9-0B6B-412A-AB0B-C68C3F78793D}.Release|.NET.ActiveCfg = Release|Any CPU
		{31779BD9-0B6B-412A-AB0B-C68C3F78793D}.Release|Any CPU.ActiveCfg = Release|Any CPU
		{31779BD9-0B6B-412A-AB0B-C68C3F78793D}.Release|Any CPU.Build.0 = Release|Any CPU
		{31779BD9-0B6B-412A-AB0B-C68C3F78793D}.Release|Mixed Platforms.ActiveCfg = Release|Any CPU
		{31779BD9-0B6B-412A-AB0B-C68C3F78793D}.Release|Mixed Platforms.Build.0 = Release|Any CPU
		{DCBCBD71-B0B6-48EF-B9C7-E9962E2FFCAC}.Debug|.NET.ActiveCfg = Debug|Any CPU
		{DCBCBD71-B0B6-48EF-B9C7-E9962E2FFCAC}.Debug|Any CPU.ActiveCfg = Debug|Any CPU
		{DCBCBD71-B0B6-48EF-B9C7-E9962E2FFCAC}.Debug|Any CPU.Build.0 = Debug|Any CPU
		{DCBCBD71-B0B6-48EF-B9C7-E9962E2FFCAC}.Debug|Mixed Platforms.ActiveCfg = Debug|Any CPU
		{DCBCBD71-B0B6-48EF-B9C7-E9962E2FFCAC}.Debug|Mixed Platforms.Build.0 = Debug|Any CPU
		{DCBCBD71-B0B6-48EF-B9C7-E9962E2FFCAC}.Release|.NET.ActiveCfg = Release|Any CPU
		{DCBCBD71-B0B6-48EF-B9C7-E9962E2FFCAC}.Release|Any CPU.ActiveCfg = Release|Any CPU
		{DCBCBD71-B0B6-48EF-B9C7-E9962E2FFCAC}.Release|Any CPU.Build.0 = Release|Any CPU
		{DCBCBD71-B0B6-48EF-B9C7-E9962E2FFCAC}.Release|Mixed Platforms.ActiveCfg = Release|Any CPU
		{DCBCBD71-B0B6-48EF-B9C7-E9962E2FFCAC}.Release|Mixed Platforms.Build.0 = Release|Any CPU
	EndGlobalSection
	GlobalSection(SolutionProperties) = preSolution
		HideSolutionNode = FALSE
	EndGlobalSection
EndGlobal
