
Microsoft Visual Studio Solution File, Format Version 10.00
# Visual Studio 2008
Project("{FAE04EC0-301F-11D3-BF4B-00C04F79EFBC}") = "LK-HIS-SAAS", "LK-HIS-SAAS.csproj", "{325AF41B-33ED-4E63-91B8-2753FE2FF693}"
EndProject
Project("{FAE04EC0-301F-11D3-BF4B-00C04F79EFBC}") = "CaiWu", "..\CaiWu\CaiWu.csproj", "{B1A7C49D-9A06-4EF3-A573-3BC602EA101A}"
EndProject
Project("{FAE04EC0-301F-11D3-BF4B-00C04F79EFBC}") = "CHIndex", "..\CHIndex\CHIndex.csproj", "{6B0C050B-45EB-425D-B106-8313CAEAD1EE}"
EndProject
Project("{FAE04EC0-301F-11D3-BF4B-00C04F79EFBC}") = "ChSys", "..\ChSys\ChSys.csproj", "{2B41A68B-2591-4363-885C-43BBF0542ABA}"
EndProject
Project("{FAE04EC0-301F-11D3-BF4B-00C04F79EFBC}") = "LKHisSer", "..\LKHisSer\LKHisSer.csproj", "{98F92DF9-B912-4F5A-A1F8-875DFC8255F0}"
EndProject
Project("{FAE04EC0-301F-11D3-BF4B-00C04F79EFBC}") = "MenZhen", "..\MenZhen\MenZhen.csproj", "{6B75BBFB-9805-4396-939D-EF0069C7E151}"
EndProject
Project("{FAE04EC0-301F-11D3-BF4B-00C04F79EFBC}") = "MZYZ", "..\MZYZ\MZYZ.csproj", "{16C38608-5A79-425B-89C0-E6E7FA061307}"
EndProject
Project("{FAE04EC0-301F-11D3-BF4B-00C04F79EFBC}") = "nhservice", "..\nhservice\nhservice.csproj", "{97692531-A696-4900-8F49-B65EE4CD1AA1}"
EndProject
Project("{FAE04EC0-301F-11D3-BF4B-00C04F79EFBC}") = "OtherYB", "..\OtherYB\OtherYB.csproj", "{27F53196-FCBB-4673-8BE7-AC6F091E7C98}"
EndProject
Project("{FAE04EC0-301F-11D3-BF4B-00C04F79EFBC}") = "SysWH", "..\SysWH\SysWH.csproj", "{6F3AEDC1-ACD6-44A2-99CC-7B24DB27751B}"
EndProject
Project("{FAE04EC0-301F-11D3-BF4B-00C04F79EFBC}") = "YaoFang", "..\YaoFang\YaoFang.csproj", "{9B9BE36F-EB9D-4C70-8EFF-ADB2A978B47F}"
EndProject
Project("{FAE04EC0-301F-11D3-BF4B-00C04F79EFBC}") = "YaoKu", "..\YaoKu\YaoKu.csproj", "{274624DD-AD4C-41F8-AD65-282B32FF7D26}"
EndProject
Project("{FAE04EC0-301F-11D3-BF4B-00C04F79EFBC}") = "YZsys", "..\YZsys\YZsys.csproj", "{B2F4FC0B-0197-4714-8608-56D95399C158}"
EndProject
Project("{FAE04EC0-301F-11D3-BF4B-00C04F79EFBC}") = "ZhuYuan", "..\ZhuYuan\ZhuYuan.csproj", "{A08748D7-C565-4083-A1A9-0820948D1CFA}"
EndProject
Global
	GlobalSection(SolutionConfigurationPlatforms) = preSolution
		Debug|Any CPU = Debug|Any CPU
		Release|Any CPU = Release|Any CPU
	EndGlobalSection
	GlobalSection(ProjectConfigurationPlatforms) = postSolution
		{325AF41B-33ED-4E63-91B8-2753FE2FF693}.Debug|Any CPU.ActiveCfg = Debug|Any CPU
		{325AF41B-33ED-4E63-91B8-2753FE2FF693}.Debug|Any CPU.Build.0 = Debug|Any CPU
		{325AF41B-33ED-4E63-91B8-2753FE2FF693}.Release|Any CPU.ActiveCfg = Release|Any CPU
		{325AF41B-33ED-4E63-91B8-2753FE2FF693}.Release|Any CPU.Build.0 = Release|Any CPU
		{B1A7C49D-9A06-4EF3-A573-3BC602EA101A}.Debug|Any CPU.ActiveCfg = Debug|Any CPU
		{B1A7C49D-9A06-4EF3-A573-3BC602EA101A}.Debug|Any CPU.Build.0 = Debug|Any CPU
		{B1A7C49D-9A06-4EF3-A573-3BC602EA101A}.Release|Any CPU.ActiveCfg = Release|Any CPU
		{B1A7C49D-9A06-4EF3-A573-3BC602EA101A}.Release|Any CPU.Build.0 = Release|Any CPU
		{6B0C050B-45EB-425D-B106-8313CAEAD1EE}.Debug|Any CPU.ActiveCfg = Debug|Any CPU
		{6B0C050B-45EB-425D-B106-8313CAEAD1EE}.Debug|Any CPU.Build.0 = Debug|Any CPU
		{6B0C050B-45EB-425D-B106-8313CAEAD1EE}.Release|Any CPU.ActiveCfg = Release|Any CPU
		{6B0C050B-45EB-425D-B106-8313CAEAD1EE}.Release|Any CPU.Build.0 = Release|Any CPU
		{2B41A68B-2591-4363-885C-43BBF0542ABA}.Debug|Any CPU.ActiveCfg = Debug|Any CPU
		{2B41A68B-2591-4363-885C-43BBF0542ABA}.Debug|Any CPU.Build.0 = Debug|Any CPU
		{2B41A68B-2591-4363-885C-43BBF0542ABA}.Release|Any CPU.ActiveCfg = Release|Any CPU
		{2B41A68B-2591-4363-885C-43BBF0542ABA}.Release|Any CPU.Build.0 = Release|Any CPU
		{98F92DF9-B912-4F5A-A1F8-875DFC8255F0}.Debug|Any CPU.ActiveCfg = Debug|Any CPU
		{98F92DF9-B912-4F5A-A1F8-875DFC8255F0}.Debug|Any CPU.Build.0 = Debug|Any CPU
		{98F92DF9-B912-4F5A-A1F8-875DFC8255F0}.Release|Any CPU.ActiveCfg = Release|Any CPU
		{98F92DF9-B912-4F5A-A1F8-875DFC8255F0}.Release|Any CPU.Build.0 = Release|Any CPU
		{6B75BBFB-9805-4396-939D-EF0069C7E151}.Debug|Any CPU.ActiveCfg = Debug|Any CPU
		{6B75BBFB-9805-4396-939D-EF0069C7E151}.Debug|Any CPU.Build.0 = Debug|Any CPU
		{6B75BBFB-9805-4396-939D-EF0069C7E151}.Release|Any CPU.ActiveCfg = Release|Any CPU
		{6B75BBFB-9805-4396-939D-EF0069C7E151}.Release|Any CPU.Build.0 = Release|Any CPU
		{16C38608-5A79-425B-89C0-E6E7FA061307}.Debug|Any CPU.ActiveCfg = Debug|Any CPU
		{16C38608-5A79-425B-89C0-E6E7FA061307}.Debug|Any CPU.Build.0 = Debug|Any CPU
		{16C38608-5A79-425B-89C0-E6E7FA061307}.Release|Any CPU.ActiveCfg = Release|Any CPU
		{16C38608-5A79-425B-89C0-E6E7FA061307}.Release|Any CPU.Build.0 = Release|Any CPU
		{97692531-A696-4900-8F49-B65EE4CD1AA1}.Debug|Any CPU.ActiveCfg = Debug|Any CPU
		{97692531-A696-4900-8F49-B65EE4CD1AA1}.Debug|Any CPU.Build.0 = Debug|Any CPU
		{97692531-A696-4900-8F49-B65EE4CD1AA1}.Release|Any CPU.ActiveCfg = Release|Any CPU
		{97692531-A696-4900-8F49-B65EE4CD1AA1}.Release|Any CPU.Build.0 = Release|Any CPU
		{27F53196-FCBB-4673-8BE7-AC6F091E7C98}.Debug|Any CPU.ActiveCfg = Debug|Any CPU
		{27F53196-FCBB-4673-8BE7-AC6F091E7C98}.Debug|Any CPU.Build.0 = Debug|Any CPU
		{27F53196-FCBB-4673-8BE7-AC6F091E7C98}.Release|Any CPU.ActiveCfg = Release|Any CPU
		{27F53196-FCBB-4673-8BE7-AC6F091E7C98}.Release|Any CPU.Build.0 = Release|Any CPU
		{6F3AEDC1-ACD6-44A2-99CC-7B24DB27751B}.Debug|Any CPU.ActiveCfg = Debug|Any CPU
		{6F3AEDC1-ACD6-44A2-99CC-7B24DB27751B}.Debug|Any CPU.Build.0 = Debug|Any CPU
		{6F3AEDC1-ACD6-44A2-99CC-7B24DB27751B}.Release|Any CPU.ActiveCfg = Release|Any CPU
		{6F3AEDC1-ACD6-44A2-99CC-7B24DB27751B}.Release|Any CPU.Build.0 = Release|Any CPU
		{9B9BE36F-EB9D-4C70-8EFF-ADB2A978B47F}.Debug|Any CPU.ActiveCfg = Debug|Any CPU
		{9B9BE36F-EB9D-4C70-8EFF-ADB2A978B47F}.Debug|Any CPU.Build.0 = Debug|Any CPU
		{9B9BE36F-EB9D-4C70-8EFF-ADB2A978B47F}.Release|Any CPU.ActiveCfg = Release|Any CPU
		{9B9BE36F-EB9D-4C70-8EFF-ADB2A978B47F}.Release|Any CPU.Build.0 = Release|Any CPU
		{274624DD-AD4C-41F8-AD65-282B32FF7D26}.Debug|Any CPU.ActiveCfg = Debug|Any CPU
		{274624DD-AD4C-41F8-AD65-282B32FF7D26}.Debug|Any CPU.Build.0 = Debug|Any CPU
		{274624DD-AD4C-41F8-AD65-282B32FF7D26}.Release|Any CPU.ActiveCfg = Release|Any CPU
		{274624DD-AD4C-41F8-AD65-282B32FF7D26}.Release|Any CPU.Build.0 = Release|Any CPU
		{B2F4FC0B-0197-4714-8608-56D95399C158}.Debug|Any CPU.ActiveCfg = Debug|Any CPU
		{B2F4FC0B-0197-4714-8608-56D95399C158}.Debug|Any CPU.Build.0 = Debug|Any CPU
		{B2F4FC0B-0197-4714-8608-56D95399C158}.Release|Any CPU.ActiveCfg = Release|Any CPU
		{B2F4FC0B-0197-4714-8608-56D95399C158}.Release|Any CPU.Build.0 = Release|Any CPU
		{A08748D7-C565-4083-A1A9-0820948D1CFA}.Debug|Any CPU.ActiveCfg = Debug|Any CPU
		{A08748D7-C565-4083-A1A9-0820948D1CFA}.Debug|Any CPU.Build.0 = Debug|Any CPU
		{A08748D7-C565-4083-A1A9-0820948D1CFA}.Release|Any CPU.ActiveCfg = Release|Any CPU
		{A08748D7-C565-4083-A1A9-0820948D1CFA}.Release|Any CPU.Build.0 = Release|Any CPU
	EndGlobalSection
	GlobalSection(SolutionProperties) = preSolution
		HideSolutionNode = FALSE
	EndGlobalSection
EndGlobal
